
Microsoft Visual Studio Solution File, Format Version 12.00
# Visual Studio 15
Project("{FAE04EC0-301F-11D3-BF4B-00C04F79EFBC}") = "OddOneOut", "OddOneOut.csproj", "{C1A64551-6104-F4DA-7577-8857782E583E}"
EndProject
Project("{FAE04EC0-301F-11D3-BF4B-00C04F79EFBC}") = "OddOneOut.Editor", "OddOneOut.Editor.csproj", "{7F66FE7D-A52A-038F-D91C-84170735DE60}"
EndProject
Global
	GlobalSection(SolutionConfigurationPlatforms) = preSolution
		Debug|Any CPU = Debug|Any CPU
		Release|Any CPU = Release|Any CPU
	EndGlobalSection
	GlobalSection(ProjectConfigurationPlatforms) = postSolution
		{C1A64551-6104-F4DA-7577-8857782E583E}.Debug|Any CPU.ActiveCfg = Debug|Any CPU
		{C1A64551-6104-F4DA-7577-8857782E583E}.Debug|Any CPU.Build.0 = Debug|Any CPU
		{C1A64551-6104-F4DA-7577-8857782E583E}.Release|Any CPU.ActiveCfg = Release|Any CPU
		{C1A64551-6104-F4DA-7577-8857782E583E}.Release|Any CPU.Build.0 = Release|Any CPU
		{7F66FE7D-A52A-038F-D91C-84170735DE60}.Debug|Any CPU.ActiveCfg = Debug|Any CPU
		{7F66FE7D-A52A-038F-D91C-84170735DE60}.Debug|Any CPU.Build.0 = Debug|Any CPU
		{7F66FE7D-A52A-038F-D91C-84170735DE60}.Release|Any CPU.ActiveCfg = Release|Any CPU
		{7F66FE7D-A52A-038F-D91C-84170735DE60}.Release|Any CPU.Build.0 = Release|Any CPU
	EndGlobalSection
	GlobalSection(SolutionProperties) = preSolution
		HideSolutionNode = FALSE
	EndGlobalSection
EndGlobal
