
Microsoft Visual Studio Solution File, Format Version 11.00
# Visual Studio 2010
Project("{FAE04EC0-301F-11D3-BF4B-00C04F79EFBC}") = "OddOneOut", "OddOneOut.csproj", "{C883C6CC-C94C-F9E1-25C4-91D39264CFE5}"
EndProject
Project("{FAE04EC0-301F-11D3-BF4B-00C04F79EFBC}") = "OddOneOut-Editor", "OddOneOut-Editor.csproj", "{10BF63F3-4983-80D8-576A-B35B170227AB}"
EndProject
Global
	GlobalSection(SolutionConfigurationPlatforms) = preSolution
		Debug|Any CPU = Debug|Any CPU
		Release|Any CPU = Release|Any CPU
	EndGlobalSection
	GlobalSection(ProjectConfigurationPlatforms) = postSolution
		{C883C6CC-C94C-F9E1-25C4-91D39264CFE5}.Debug|Any CPU.ActiveCfg = Debug|Any CPU
		{C883C6CC-C94C-F9E1-25C4-91D39264CFE5}.Debug|Any CPU.Build.0 = Debug|Any CPU
		{C883C6CC-C94C-F9E1-25C4-91D39264CFE5}.Release|Any CPU.ActiveCfg = Release|Any CPU
		{C883C6CC-C94C-F9E1-25C4-91D39264CFE5}.Release|Any CPU.Build.0 = Release|Any CPU
		{10BF63F3-4983-80D8-576A-B35B170227AB}.Debug|Any CPU.ActiveCfg = Debug|Any CPU
		{10BF63F3-4983-80D8-576A-B35B170227AB}.Debug|Any CPU.Build.0 = Debug|Any CPU
		{10BF63F3-4983-80D8-576A-B35B170227AB}.Release|Any CPU.ActiveCfg = Release|Any CPU
		{10BF63F3-4983-80D8-576A-B35B170227AB}.Release|Any CPU.Build.0 = Release|Any CPU
	EndGlobalSection
	GlobalSection(SolutionProperties) = preSolution
		HideSolutionNode = FALSE
	EndGlobalSection
	GlobalSection(MonoDevelopProperties) = preSolution
		StartupItem = OddOneOut.csproj
	EndGlobalSection
EndGlobal
